{
  "name": "chatgpt-code-review-action",
  "version": "0.0.1",
  "lockfileVersion": 2,
  "requires": true,
  "packages": {
    "": {
      "name": "chatgpt-code-review-action",
      "version": "0.0.1",
      "license": "MIT",
      "dependencies": {
        "language-detect": "1.1.0"
      }
    },
    "node_modules/@redis/bloom": {
      "version": "1.2.0",
      "resolved": "https://registry.npmmirror.com/@redis/bloom/-/bloom-1.2.0.tgz",
      "integrity": "sha512-HG2DFjYKbpNmVXsa0keLHp/3leGJz1mjh09f2RLGGLQZzSHpkmZWuwJbAvo3QcRY8p80m5+ZdXZdYOSBLlp7Cg==",
      "peerDependencies": {
        "@redis/client": "^1.0.0"
      }
    },
    "node_modules/@redis/client": {
      "version": "1.5.6",
      "resolved": "https://registry.npmmirror.com/@redis/client/-/client-1.5.6.tgz",
      "integrity": "sha512-dFD1S6je+A47Lj22jN/upVU2fj4huR7S9APd7/ziUXsIXDL+11GPYti4Suv5y8FuXaN+0ZG4JF+y1houEJ7ToA==",
      "dependencies": {
        "cluster-key-slot": "1.1.2",
        "generic-pool": "3.9.0",
        "yallist": "4.0.0"
      },
      "engines": {
        "node": ">=14"
      }
    },
    "node_modules/@redis/graph": {
      "version": "1.1.0",
      "resolved": "https://registry.npmmirror.com/@redis/graph/-/graph-1.1.0.tgz",
      "integrity": "sha512-16yZWngxyXPd+MJxeSr0dqh2AIOi8j9yXKcKCwVaKDbH3HTuETpDVPcLujhFYVPtYrngSco31BUcSa9TH31Gqg==",
      "peerDependencies": {
        "@redis/client": "^1.0.0"
      }
    },
    "node_modules/@redis/json": {
      "version": "1.0.4",
      "resolved": "https://registry.npmmirror.com/@redis/json/-/json-1.0.4.tgz",
      "integrity": "sha512-LUZE2Gdrhg0Rx7AN+cZkb1e6HjoSKaeeW8rYnt89Tly13GBI5eP4CwDVr+MY8BAYfCg4/N15OUrtLoona9uSgw==",
      "peerDependencies": {
        "@redis/client": "^1.0.0"
      }
    },
    "node_modules/@redis/search": {
      "version": "1.1.2",
      "resolved": "https://registry.npmmirror.com/@redis/search/-/search-1.1.2.tgz",
      "integrity": "sha512-/cMfstG/fOh/SsE+4/BQGeuH/JJloeWuH+qJzM8dbxuWvdWibWAOAHHCZTMPhV3xIlH4/cUEIA8OV5QnYpaVoA==",
      "peerDependencies": {
        "@redis/client": "^1.0.0"
      }
    },
    "node_modules/@redis/time-series": {
      "version": "1.0.4",
      "resolved": "https://registry.npmmirror.com/@redis/time-series/-/time-series-1.0.4.tgz",
      "integrity": "sha512-ThUIgo2U/g7cCuZavucQTQzA9g9JbDDY2f64u3AbAoz/8vE2lt2U37LamDUVChhaDA3IRT9R6VvJwqnUfTJzng==",
      "peerDependencies": {
        "@redis/client": "^1.0.0"
      }
    },
    "node_modules/classifier": {
      "version": "0.1.0",
      "resolved": "https://registry.npmmirror.com/classifier/-/classifier-0.1.0.tgz",
      "integrity": "sha512-lHoacZqTxberxbsaT/bDkvUicTl6nVTqnM5X6PhCTCg6Y3uhd/lWqbtMvHwe0W0vGkPWCVw5NTUTi3SOlccaSA==",
      "deprecated": "Package no longer supported. Contact support@npmjs.com for more info.",
      "dependencies": {
        "redis": ">=0.7.0",
        "underscore": ">=1.1.0"
      },
      "engines": {
        "node": "*"
      }
    },
    "node_modules/cluster-key-slot": {
      "version": "1.1.2",
      "resolved": "https://registry.npmmirror.com/cluster-key-slot/-/cluster-key-slot-1.1.2.tgz",
      "integrity": "sha512-RMr0FhtfXemyinomL4hrWcYJxmX6deFdCxpJzhDttxgO1+bcCnkk+9drydLVDmAMG7NE6aN/fl4F7ucU/90gAA==",
      "engines": {
        "node": ">=0.10.0"
      }
    },
    "node_modules/generic-pool": {
      "version": "3.9.0",
      "resolved": "https://registry.npmmirror.com/generic-pool/-/generic-pool-3.9.0.tgz",
      "integrity": "sha512-hymDOu5B53XvN4QT9dBmZxPX4CWhBPPLguTZ9MMFeFa/Kg0xWVfylOVNlJji/E7yTZWFd/q9GO5TxDLq156D7g==",
      "engines": {
        "node": ">= 4"
      }
    },
    "node_modules/language-classifier": {
      "version": "0.0.1",
      "resolved": "https://registry.npmmirror.com/language-classifier/-/language-classifier-0.0.1.tgz",
      "integrity": "sha512-myU10NLx/dfATa7b0NJiycU4jlU15fMLcnfXYEO6NPMhH1vHYKMp9eoRZaQMDTu3bz25bD31Q9klsf26oOW1BQ==",
      "dependencies": {
        "classifier": "~0.1.0"
      }
    },
    "node_modules/language-detect": {
      "version": "1.1.0",
      "resolved": "https://registry.npmmirror.com/language-detect/-/language-detect-1.1.0.tgz",
      "integrity": "sha512-2kXHOATTovlwlh1LJE21DLyGiuvX6bK8CYw9kEyui2FeNBV3EYD2OE9h1ChuWNGXe/TGcm7PqpK/32S614R1Kg==",
      "dependencies": {
        "language-classifier": "0.0.1"
      }
    },
    "node_modules/redis": {
      "version": "4.6.5",
      "resolved": "https://registry.npmmirror.com/redis/-/redis-4.6.5.tgz",
      "integrity": "sha512-O0OWA36gDQbswOdUuAhRL6mTZpHFN525HlgZgDaVNgCJIAZR3ya06NTESb0R+TUZ+BFaDpz6NnnVvoMx9meUFg==",
      "workspaces": [
        "./packages/*"
      ],
      "dependencies": {
        "@redis/bloom": "1.2.0",
        "@redis/client": "1.5.6",
        "@redis/graph": "1.1.0",
        "@redis/json": "1.0.4",
        "@redis/search": "1.1.2",
        "@redis/time-series": "1.0.4"
      }
    },
    "node_modules/underscore": {
      "version": "1.13.6",
      "resolved": "https://registry.npmmirror.com/underscore/-/underscore-1.13.6.tgz",
      "integrity": "sha512-+A5Sja4HP1M08MaXya7p5LvjuM7K6q/2EaC0+iovj/wOcMsTzMvDFbasi/oSapiwOlt252IqsKqPjCl7huKS0A=="
    },
    "node_modules/yallist": {
      "version": "4.0.0",
      "resolved": "https://registry.npmmirror.com/yallist/-/yallist-4.0.0.tgz",
      "integrity": "sha512-3wdGidZyq5PB084XLES5TpOSRA3wjXAlIWMhum2kRcv/41Sn2emQ0dycQW4uZXLejwKvg6EsvbdlVL+FYEct7A=="
    }
  },
  "dependencies": {
    "@redis/bloom": {
      "version": "1.2.0",
      "resolved": "https://registry.npmmirror.com/@redis/bloom/-/bloom-1.2.0.tgz",
      "integrity": "sha512-HG2DFjYKbpNmVXsa0keLHp/3leGJz1mjh09f2RLGGLQZzSHpkmZWuwJbAvo3QcRY8p80m5+ZdXZdYOSBLlp7Cg==",
      "requires": {}
    },
    "@redis/client": {
      "version": "1.5.6",
      "resolved": "https://registry.npmmirror.com/@redis/client/-/client-1.5.6.tgz",
      "integrity": "sha512-dFD1S6je+A47Lj22jN/upVU2fj4huR7S9APd7/ziUXsIXDL+11GPYti4Suv5y8FuXaN+0ZG4JF+y1houEJ7ToA==",
      "requires": {
        "cluster-key-slot": "1.1.2",
        "generic-pool": "3.9.0",
        "yallist": "4.0.0"
      }
    },
    "@redis/graph": {
      "version": "1.1.0",
      "resolved": "https://registry.npmmirror.com/@redis/graph/-/graph-1.1.0.tgz",
      "integrity": "sha512-16yZWngxyXPd+MJxeSr0dqh2AIOi8j9yXKcKCwVaKDbH3HTuETpDVPcLujhFYVPtYrngSco31BUcSa9TH31Gqg==",
      "requires": {}
    },
    "@redis/json": {
      "version": "1.0.4",
      "resolved": "https://registry.npmmirror.com/@redis/json/-/json-1.0.4.tgz",
      "integrity": "sha512-LUZE2Gdrhg0Rx7AN+cZkb1e6HjoSKaeeW8rYnt89Tly13GBI5eP4CwDVr+MY8BAYfCg4/N15OUrtLoona9uSgw==",
      "requires": {}
    },
    "@redis/search": {
      "version": "1.1.2",
      "resolved": "https://registry.npmmirror.com/@redis/search/-/search-1.1.2.tgz",
      "integrity": "sha512-/cMfstG/fOh/SsE+4/BQGeuH/JJloeWuH+qJzM8dbxuWvdWibWAOAHHCZTMPhV3xIlH4/cUEIA8OV5QnYpaVoA==",
      "requires": {}
    },
    "@redis/time-series": {
      "version": "1.0.4",
      "resolved": "https://registry.npmmirror.com/@redis/time-series/-/time-series-1.0.4.tgz",
      "integrity": "sha512-ThUIgo2U/g7cCuZavucQTQzA9g9JbDDY2f64u3AbAoz/8vE2lt2U37LamDUVChhaDA3IRT9R6VvJwqnUfTJzng==",
      "requires": {}
    },
    "classifier": {
      "version": "0.1.0",
      "resolved": "https://registry.npmmirror.com/classifier/-/classifier-0.1.0.tgz",
      "integrity": "sha512-lHoacZqTxberxbsaT/bDkvUicTl6nVTqnM5X6PhCTCg6Y3uhd/lWqbtMvHwe0W0vGkPWCVw5NTUTi3SOlccaSA==",
      "requires": {
        "redis": ">=0.7.0",
        "underscore": ">=1.1.0"
      }
    },
    "cluster-key-slot": {
      "version": "1.1.2",
      "resolved": "https://registry.npmmirror.com/cluster-key-slot/-/cluster-key-slot-1.1.2.tgz",
      "integrity": "sha512-RMr0FhtfXemyinomL4hrWcYJxmX6deFdCxpJzhDttxgO1+bcCnkk+9drydLVDmAMG7NE6aN/fl4F7ucU/90gAA=="
    },
    "generic-pool": {
      "version": "3.9.0",
      "resolved": "https://registry.npmmirror.com/generic-pool/-/generic-pool-3.9.0.tgz",
      "integrity": "sha512-hymDOu5B53XvN4QT9dBmZxPX4CWhBPPLguTZ9MMFeFa/Kg0xWVfylOVNlJji/E7yTZWFd/q9GO5TxDLq156D7g=="
    },
    "language-classifier": {
      "version": "0.0.1",
      "resolved": "https://registry.npmmirror.com/language-classifier/-/language-classifier-0.0.1.tgz",
      "integrity": "sha512-myU10NLx/dfATa7b0NJiycU4jlU15fMLcnfXYEO6NPMhH1vHYKMp9eoRZaQMDTu3bz25bD31Q9klsf26oOW1BQ==",
      "requires": {
        "classifier": "~0.1.0"
      }
    },
    "language-detect": {
      "version": "1.1.0",
      "resolved": "https://registry.npmmirror.com/language-detect/-/language-detect-1.1.0.tgz",
      "integrity": "sha512-2kXHOATTovlwlh1LJE21DLyGiuvX6bK8CYw9kEyui2FeNBV3EYD2OE9h1ChuWNGXe/TGcm7PqpK/32S614R1Kg==",
      "requires": {
        "language-classifier": "0.0.1"
      }
    },
    "redis": {
      "version": "4.6.5",
      "resolved": "https://registry.npmmirror.com/redis/-/redis-4.6.5.tgz",
      "integrity": "sha512-O0OWA36gDQbswOdUuAhRL6mTZpHFN525HlgZgDaVNgCJIAZR3ya06NTESb0R+TUZ+BFaDpz6NnnVvoMx9meUFg==",
      "requires": {
        "@redis/bloom": "1.2.0",
        "@redis/client": "1.5.6",
        "@redis/graph": "1.1.0",
        "@redis/json": "1.0.4",
        "@redis/search": "1.1.2",
        "@redis/time-series": "1.0.4"
      }
    },
    "underscore": {
      "version": "1.13.6",
      "resolved": "https://registry.npmmirror.com/underscore/-/underscore-1.13.6.tgz",
      "integrity": "sha512-+A5Sja4HP1M08MaXya7p5LvjuM7K6q/2EaC0+iovj/wOcMsTzMvDFbasi/oSapiwOlt252IqsKqPjCl7huKS0A=="
    },
    "yallist": {
      "version": "4.0.0",
      "resolved": "https://registry.npmmirror.com/yallist/-/yallist-4.0.0.tgz",
      "integrity": "sha512-3wdGidZyq5PB084XLES5TpOSRA3wjXAlIWMhum2kRcv/41Sn2emQ0dycQW4uZXLejwKvg6EsvbdlVL+FYEct7A=="
    }
  }
}
